
Microsoft Visual Studio Solution File, Format Version 12.00
# Visual Studio Version 16
VisualStudioVersion = 16.0.30114.105
MinimumVisualStudioVersion = 10.0.40219.1
Project("{FAE04EC0-301F-11D3-BF4B-00C04F79EFBC}") = "EssentialTraining", "EssentialTraining\EssentialTraining.csproj", "{2BEE36D1-04DE-45FE-B9C4-F94DDED4BE9B}"
EndProject
Project("{FAE04EC0-301F-11D3-BF4B-00C04F79EFBC}") = "EssentialTrainingTests", "EssentialTrainingTests\EssentialTrainingTests.csproj", "{974452DE-191C-406D-B5EE-2A1FEF6EFD71}"
EndProject
Project("{FAE04EC0-301F-11D3-BF4B-00C04F79EFBC}") = "EssentialTrainingApp", "EssentialTrainingApp\EssentialTrainingApp.csproj", "{36BA0281-1A8C-4BAD-A98D-84EBB58B9C2C}"
EndProject
Global
	GlobalSection(SolutionConfigurationPlatforms) = preSolution
		Debug|Any CPU = Debug|Any CPU
		Release|Any CPU = Release|Any CPU
	EndGlobalSection
	GlobalSection(ProjectConfigurationPlatforms) = postSolution
		{2BEE36D1-04DE-45FE-B9C4-F94DDED4BE9B}.Debug|Any CPU.ActiveCfg = Debug|Any CPU
		{2BEE36D1-04DE-45FE-B9C4-F94DDED4BE9B}.Debug|Any CPU.Build.0 = Debug|Any CPU
		{2BEE36D1-04DE-45FE-B9C4-F94DDED4BE9B}.Release|Any CPU.ActiveCfg = Release|Any CPU
		{2BEE36D1-04DE-45FE-B9C4-F94DDED4BE9B}.Release|Any CPU.Build.0 = Release|Any CPU
		{974452DE-191C-406D-B5EE-2A1FEF6EFD71}.Debug|Any CPU.ActiveCfg = Debug|Any CPU
		{974452DE-191C-406D-B5EE-2A1FEF6EFD71}.Debug|Any CPU.Build.0 = Debug|Any CPU
		{974452DE-191C-406D-B5EE-2A1FEF6EFD71}.Release|Any CPU.ActiveCfg = Release|Any CPU
		{974452DE-191C-406D-B5EE-2A1FEF6EFD71}.Release|Any CPU.Build.0 = Release|Any CPU
		{36BA0281-1A8C-4BAD-A98D-84EBB58B9C2C}.Debug|Any CPU.ActiveCfg = Debug|Any CPU
		{36BA0281-1A8C-4BAD-A98D-84EBB58B9C2C}.Debug|Any CPU.Build.0 = Debug|Any CPU
		{36BA0281-1A8C-4BAD-A98D-84EBB58B9C2C}.Release|Any CPU.ActiveCfg = Release|Any CPU
		{36BA0281-1A8C-4BAD-A98D-84EBB58B9C2C}.Release|Any CPU.Build.0 = Release|Any CPU
	EndGlobalSection
	GlobalSection(SolutionProperties) = preSolution
		HideSolutionNode = FALSE
	EndGlobalSection
	GlobalSection(ExtensibilityGlobals) = postSolution
		SolutionGuid = {211AFFBD-0E1B-4EAD-9F31-7837338DF518}
	EndGlobalSection
EndGlobal
